
Microsoft Visual Studio Solution File, Format Version 12.00
# Visual Studio 15
VisualStudioVersion = 15.0.28307.1062
MinimumVisualStudioVersion = 10.0.40219.1
Project("{2150E333-8FDC-42A3-9474-1A3956D46DE8}") = "01.App", "01.App", "{B2B24693-2322-4E2D-8C30-7E0E90DF4223}"
EndProject
Project("{2150E333-8FDC-42A3-9474-1A3956D46DE8}") = "02.Skin", "02.Skin", "{5344A22B-00D7-4C82-99F4-05B95053639F}"
EndProject
Project("{FAE04EC0-301F-11D3-BF4B-00C04F79EFBC}") = "SinkawaMaster.Client.App", "SinkawaMaster.Client.App\SinkawaMaster.Client.App.csproj", "{7BE59A6D-29D9-4613-91C9-5B267046FC0D}"
EndProject
Project("{FAE04EC0-301F-11D3-BF4B-00C04F79EFBC}") = "SinkawaMaster.Provider.Skin", "SinkawaMaster.Provider.Skin\SinkawaMaster.Provider.Skin.csproj", "{87D0AD8E-19B1-4699-AA67-F2030A58380D}"
EndProject
Global
	GlobalSection(SolutionConfigurationPlatforms) = preSolution
		Debug|Any CPU = Debug|Any CPU
		Release|Any CPU = Release|Any CPU
	EndGlobalSection
	GlobalSection(ProjectConfigurationPlatforms) = postSolution
		{7BE59A6D-29D9-4613-91C9-5B267046FC0D}.Debug|Any CPU.ActiveCfg = Debug|Any CPU
		{7BE59A6D-29D9-4613-91C9-5B267046FC0D}.Debug|Any CPU.Build.0 = Debug|Any CPU
		{7BE59A6D-29D9-4613-91C9-5B267046FC0D}.Release|Any CPU.ActiveCfg = Release|Any CPU
		{7BE59A6D-29D9-4613-91C9-5B267046FC0D}.Release|Any CPU.Build.0 = Release|Any CPU
		{87D0AD8E-19B1-4699-AA67-F2030A58380D}.Debug|Any CPU.ActiveCfg = Debug|Any CPU
		{87D0AD8E-19B1-4699-AA67-F2030A58380D}.Debug|Any CPU.Build.0 = Debug|Any CPU
		{87D0AD8E-19B1-4699-AA67-F2030A58380D}.Release|Any CPU.ActiveCfg = Release|Any CPU
		{87D0AD8E-19B1-4699-AA67-F2030A58380D}.Release|Any CPU.Build.0 = Release|Any CPU
	EndGlobalSection
	GlobalSection(SolutionProperties) = preSolution
		HideSolutionNode = FALSE
	EndGlobalSection
	GlobalSection(NestedProjects) = preSolution
		{7BE59A6D-29D9-4613-91C9-5B267046FC0D} = {B2B24693-2322-4E2D-8C30-7E0E90DF4223}
		{87D0AD8E-19B1-4699-AA67-F2030A58380D} = {5344A22B-00D7-4C82-99F4-05B95053639F}
	EndGlobalSection
	GlobalSection(ExtensibilityGlobals) = postSolution
		SolutionGuid = {49502EB1-8ED0-4022-BD5B-0EDF478CB78F}
	EndGlobalSection
EndGlobal
